// !$*UTF8*$!
{
	archiveVersion = 1;
	classes = {
	};
	objectVersion = 50;
	objects = {

/* Begin PBXBuildFile section */
		198CA58F20AB1EAE00B9DE0C /* Patient.swift in Sources */ = {isa = PBXBuildFile; fileRef = 198CA58E20AB1EAE00B9DE0C /* Patient.swift */; };
		198CA59120AE1D9A00B9DE0C /* SampleController.swift in Sources */ = {isa = PBXBuildFile; fileRef = 198CA59020AE1D9A00B9DE0C /* SampleController.swift */; };
		198CA59320AE1DC200B9DE0C /* AssessmentController.swift in Sources */ = {isa = PBXBuildFile; fileRef = 198CA59220AE1DC200B9DE0C /* AssessmentController.swift */; };
		198CA59520B24C1000B9DE0C /* DecisionController.swift in Sources */ = {isa = PBXBuildFile; fileRef = 198CA59420B24C1000B9DE0C /* DecisionController.swift */; };
		198CA59720B24DF200B9DE0C /* ExposeController.swift in Sources */ = {isa = PBXBuildFile; fileRef = 198CA59620B24DF200B9DE0C /* ExposeController.swift */; };
		198CA59920B24F8900B9DE0C /* PhysicalController.swift in Sources */ = {isa = PBXBuildFile; fileRef = 198CA59820B24F8900B9DE0C /* PhysicalController.swift */; };
		198CA59B20B24FCB00B9DE0C /* VitalController.swift in Sources */ = {isa = PBXBuildFile; fileRef = 198CA59A20B24FCB00B9DE0C /* VitalController.swift */; };
		19AB1F7F20AA567F00B604CA /* AppDelegate.swift in Sources */ = {isa = PBXBuildFile; fileRef = 19AB1F7E20AA567F00B604CA /* AppDelegate.swift */; };
		19AB1F8120AA567F00B604CA /* ViewController.swift in Sources */ = {isa = PBXBuildFile; fileRef = 19AB1F8020AA567F00B604CA /* ViewController.swift */; };
		19AB1F8420AA567F00B604CA /* Main.storyboard in Resources */ = {isa = PBXBuildFile; fileRef = 19AB1F8220AA567F00B604CA /* Main.storyboard */; };
		19AB1F8620AA568000B604CA /* Assets.xcassets in Resources */ = {isa = PBXBuildFile; fileRef = 19AB1F8520AA568000B604CA /* Assets.xcassets */; };
		19AB1F8920AA568000B604CA /* LaunchScreen.storyboard in Resources */ = {isa = PBXBuildFile; fileRef = 19AB1F8720AA568000B604CA /* LaunchScreen.storyboard */; };
		19AB1F9420AA568000B604CA /* Wild_MedicineTests.swift in Sources */ = {isa = PBXBuildFile; fileRef = 19AB1F9320AA568000B604CA /* Wild_MedicineTests.swift */; };
		19AB1F9F20AA568000B604CA /* Wild_MedicineUITests.swift in Sources */ = {isa = PBXBuildFile; fileRef = 19AB1F9E20AA568000B604CA /* Wild_MedicineUITests.swift */; };
/* End PBXBuildFile section */

/* Begin PBXContainerItemProxy section */
		19AB1F9020AA568000B604CA /* PBXContainerItemProxy */ = {
			isa = PBXContainerItemProxy;
			containerPortal = 19AB1F7320AA567F00B604CA /* Project object */;
			proxyType = 1;
			remoteGlobalIDString = 19AB1F7A20AA567F00B604CA;
			remoteInfo = "Wild-Medicine";
		};
		19AB1F9B20AA568000B604CA /* PBXContainerItemProxy */ = {
			isa = PBXContainerItemProxy;
			containerPortal = 19AB1F7320AA567F00B604CA /* Project object */;
			proxyType = 1;
			remoteGlobalIDString = 19AB1F7A20AA567F00B604CA;
			remoteInfo = "Wild-Medicine";
		};
/* End PBXContainerItemProxy section */

/* Begin PBXFileReference section */
		198CA58E20AB1EAE00B9DE0C /* Patient.swift */ = {isa = PBXFileReference; lastKnownFileType = sourcecode.swift; path = Patient.swift; sourceTree = "<group>"; };
		198CA59020AE1D9A00B9DE0C /* SampleController.swift */ = {isa = PBXFileReference; lastKnownFileType = sourcecode.swift; path = SampleController.swift; sourceTree = "<group>"; };
		198CA59220AE1DC200B9DE0C /* AssessmentController.swift */ = {isa = PBXFileReference; lastKnownFileType = sourcecode.swift; path = AssessmentController.swift; sourceTree = "<group>"; };
		198CA59420B24C1000B9DE0C /* DecisionController.swift */ = {isa = PBXFileReference; lastKnownFileType = sourcecode.swift; path = DecisionController.swift; sourceTree = "<group>"; };
		198CA59620B24DF200B9DE0C /* ExposeController.swift */ = {isa = PBXFileReference; lastKnownFileType = sourcecode.swift; path = ExposeController.swift; sourceTree = "<group>"; };
		198CA59820B24F8900B9DE0C /* PhysicalController.swift */ = {isa = PBXFileReference; lastKnownFileType = sourcecode.swift; path = PhysicalController.swift; sourceTree = "<group>"; };
		198CA59A20B24FCB00B9DE0C /* VitalController.swift */ = {isa = PBXFileReference; lastKnownFileType = sourcecode.swift; path = VitalController.swift; sourceTree = "<group>"; };
		19AB1F7B20AA567F00B604CA /* Wild-Medicine.app */ = {isa = PBXFileReference; explicitFileType = wrapper.application; includeInIndex = 0; path = "Wild-Medicine.app"; sourceTree = BUILT_PRODUCTS_DIR; };
		19AB1F7E20AA567F00B604CA /* AppDelegate.swift */ = {isa = PBXFileReference; lastKnownFileType = sourcecode.swift; path = AppDelegate.swift; sourceTree = "<group>"; };
		19AB1F8020AA567F00B604CA /* ViewController.swift */ = {isa = PBXFileReference; lastKnownFileType = sourcecode.swift; path = ViewController.swift; sourceTree = "<group>"; };
		19AB1F8320AA567F00B604CA /* Base */ = {isa = PBXFileReference; lastKnownFileType = file.storyboard; name = Base; path = Base.lproj/Main.storyboard; sourceTree = "<group>"; };
		19AB1F8520AA568000B604CA /* Assets.xcassets */ = {isa = PBXFileReference; lastKnownFileType = folder.assetcatalog; path = Assets.xcassets; sourceTree = "<group>"; };
		19AB1F8820AA568000B604CA /* Base */ = {isa = PBXFileReference; lastKnownFileType = file.storyboard; name = Base; path = Base.lproj/LaunchScreen.storyboard; sourceTree = "<group>"; };
		19AB1F8A20AA568000B604CA /* Info.plist */ = {isa = PBXFileReference; lastKnownFileType = text.plist.xml; path = Info.plist; sourceTree = "<group>"; };
		19AB1F8F20AA568000B604CA /* Wild-MedicineTests.xctest */ = {isa = PBXFileReference; explicitFileType = wrapper.cfbundle; includeInIndex = 0; path = "Wild-MedicineTests.xctest"; sourceTree = BUILT_PRODUCTS_DIR; };
		19AB1F9320AA568000B604CA /* Wild_MedicineTests.swift */ = {isa = PBXFileReference; lastKnownFileType = sourcecode.swift; path = Wild_MedicineTests.swift; sourceTree = "<group>"; };
		19AB1F9520AA568000B604CA /* Info.plist */ = {isa = PBXFileReference; lastKnownFileType = text.plist.xml; path = Info.plist; sourceTree = "<group>"; };
		19AB1F9A20AA568000B604CA /* Wild-MedicineUITests.xctest */ = {isa = PBXFileReference; explicitFileType = wrapper.cfbundle; includeInIndex = 0; path = "Wild-MedicineUITests.xctest"; sourceTree = BUILT_PRODUCTS_DIR; };
		19AB1F9E20AA568000B604CA /* Wild_MedicineUITests.swift */ = {isa = PBXFileReference; lastKnownFileType = sourcecode.swift; path = Wild_MedicineUITests.swift; sourceTree = "<group>"; };
		19AB1FA020AA568000B604CA /* Info.plist */ = {isa = PBXFileReference; lastKnownFileType = text.plist.xml; path = Info.plist; sourceTree = "<group>"; };
/* End PBXFileReference section */

/* Begin PBXFrameworksBuildPhase section */
		19AB1F7820AA567F00B604CA /* Frameworks */ = {
			isa = PBXFrameworksBuildPhase;
			buildActionMask = 2147483647;
			files = (
			);
			runOnlyForDeploymentPostprocessing = 0;
		};
		19AB1F8C20AA568000B604CA /* Frameworks */ = {
			isa = PBXFrameworksBuildPhase;
			buildActionMask = 2147483647;
			files = (
			);
			runOnlyForDeploymentPostprocessing = 0;
		};
		19AB1F9720AA568000B604CA /* Frameworks */ = {
			isa = PBXFrameworksBuildPhase;
			buildActionMask = 2147483647;
			files = (
			);
			runOnlyForDeploymentPostprocessing = 0;
		};
/* End PBXFrameworksBuildPhase section */

/* Begin PBXGroup section */
		19AB1F7220AA567F00B604CA = {
			isa = PBXGroup;
			children = (
				19AB1F7D20AA567F00B604CA /* Wild-Medicine */,
				19AB1F9220AA568000B604CA /* Wild-MedicineTests */,
				19AB1F9D20AA568000B604CA /* Wild-MedicineUITests */,
				19AB1F7C20AA567F00B604CA /* Products */,
			);
			sourceTree = "<group>";
		};
		19AB1F7C20AA567F00B604CA /* Products */ = {
			isa = PBXGroup;
			children = (
				19AB1F7B20AA567F00B604CA /* Wild-Medicine.app */,
				19AB1F8F20AA568000B604CA /* Wild-MedicineTests.xctest */,
				19AB1F9A20AA568000B604CA /* Wild-MedicineUITests.xctest */,
			);
			name = Products;
			sourceTree = "<group>";
		};
		19AB1F7D20AA567F00B604CA /* Wild-Medicine */ = {
			isa = PBXGroup;
			children = (
				19AB1F7E20AA567F00B604CA /* AppDelegate.swift */,
				19AB1F8020AA567F00B604CA /* ViewController.swift */,
				198CA58E20AB1EAE00B9DE0C /* Patient.swift */,
				19AB1F8220AA567F00B604CA /* Main.storyboard */,
				198CA59A20B24FCB00B9DE0C /* VitalController.swift */,
				198CA59020AE1D9A00B9DE0C /* SampleController.swift */,
				198CA59820B24F8900B9DE0C /* PhysicalController.swift */,
				198CA59620B24DF200B9DE0C /* ExposeController.swift */,
				198CA59420B24C1000B9DE0C /* DecisionController.swift */,
				198CA59220AE1DC200B9DE0C /* AssessmentController.swift */,
				19AB1F8520AA568000B604CA /* Assets.xcassets */,
				19AB1F8720AA568000B604CA /* LaunchScreen.storyboard */,
				19AB1F8A20AA568000B604CA /* Info.plist */,
			);
			path = "Wild-Medicine";
			sourceTree = "<group>";
		};
		19AB1F9220AA568000B604CA /* Wild-MedicineTests */ = {
			isa = PBXGroup;
			children = (
				19AB1F9320AA568000B604CA /* Wild_MedicineTests.swift */,
				19AB1F9520AA568000B604CA /* Info.plist */,
			);
			path = "Wild-MedicineTests";
			sourceTree = "<group>";
		};
		19AB1F9D20AA568000B604CA /* Wild-MedicineUITests */ = {
			isa = PBXGroup;
			children = (
				19AB1F9E20AA568000B604CA /* Wild_MedicineUITests.swift */,
				19AB1FA020AA568000B604CA /* Info.plist */,
			);
			path = "Wild-MedicineUITests";
			sourceTree = "<group>";
		};
/* End PBXGroup section */

/* Begin PBXNativeTarget section */
		19AB1F7A20AA567F00B604CA /* Wild-Medicine */ = {
			isa = PBXNativeTarget;
			buildConfigurationList = 19AB1FA320AA568000B604CA /* Build configuration list for PBXNativeTarget "Wild-Medicine" */;
			buildPhases = (
				19AB1F7720AA567F00B604CA /* Sources */,
				19AB1F7820AA567F00B604CA /* Frameworks */,
				19AB1F7920AA567F00B604CA /* Resources */,
			);
			buildRules = (
			);
			dependencies = (
			);
			name = "Wild-Medicine";
			productName = "Wild-Medicine";
			productReference = 19AB1F7B20AA567F00B604CA /* Wild-Medicine.app */;
			productType = "com.apple.product-type.application";
		};
		19AB1F8E20AA568000B604CA /* Wild-MedicineTests */ = {
			isa = PBXNativeTarget;
			buildConfigurationList = 19AB1FA620AA568000B604CA /* Build configuration list for PBXNativeTarget "Wild-MedicineTests" */;
			buildPhases = (
				19AB1F8B20AA568000B604CA /* Sources */,
				19AB1F8C20AA568000B604CA /* Frameworks */,
				19AB1F8D20AA568000B604CA /* Resources */,
			);
			buildRules = (
			);
			dependencies = (
				19AB1F9120AA568000B604CA /* PBXTargetDependency */,
			);
			name = "Wild-MedicineTests";
			productName = "Wild-MedicineTests";
			productReference = 19AB1F8F20AA568000B604CA /* Wild-MedicineTests.xctest */;
			productType = "com.apple.product-type.bundle.unit-test";
		};
		19AB1F9920AA568000B604CA /* Wild-MedicineUITests */ = {
			isa = PBXNativeTarget;
			buildConfigurationList = 19AB1FA920AA568000B604CA /* Build configuration list for PBXNativeTarget "Wild-MedicineUITests" */;
			buildPhases = (
				19AB1F9620AA568000B604CA /* Sources */,
				19AB1F9720AA568000B604CA /* Frameworks */,
				19AB1F9820AA568000B604CA /* Resources */,
			);
			buildRules = (
			);
			dependencies = (
				19AB1F9C20AA568000B604CA /* PBXTargetDependency */,
			);
			name = "Wild-MedicineUITests";
			productName = "Wild-MedicineUITests";
			productReference = 19AB1F9A20AA568000B604CA /* Wild-MedicineUITests.xctest */;
			productType = "com.apple.product-type.bundle.ui-testing";
		};
/* End PBXNativeTarget section */

/* Begin PBXProject section */
		19AB1F7320AA567F00B604CA /* Project object */ = {
			isa = PBXProject;
			attributes = {
				LastSwiftUpdateCheck = 0930;
				LastUpgradeCheck = 0930;
				ORGANIZATIONNAME = "Ethan Berman";
				TargetAttributes = {
					19AB1F7A20AA567F00B604CA = {
						CreatedOnToolsVersion = 9.3.1;
					};
					19AB1F8E20AA568000B604CA = {
						CreatedOnToolsVersion = 9.3.1;
						TestTargetID = 19AB1F7A20AA567F00B604CA;
					};
					19AB1F9920AA568000B604CA = {
						CreatedOnToolsVersion = 9.3.1;
						TestTargetID = 19AB1F7A20AA567F00B604CA;
					};
				};
			};
			buildConfigurationList = 19AB1F7620AA567F00B604CA /* Build configuration list for PBXProject "Wild-Medicine" */;
			compatibilityVersion = "Xcode 9.3";
			developmentRegion = en;
			hasScannedForEncodings = 0;
			knownRegions = (
				en,
				Base,
			);
			mainGroup = 19AB1F7220AA567F00B604CA;
			productRefGroup = 19AB1F7C20AA567F00B604CA /* Products */;
			projectDirPath = "";
			projectRoot = "";
			targets = (
				19AB1F7A20AA567F00B604CA /* Wild-Medicine */,
				19AB1F8E20AA568000B604CA /* Wild-MedicineTests */,
				19AB1F9920AA568000B604CA /* Wild-MedicineUITests */,
			);
		};
/* End PBXProject section */

/* Begin PBXResourcesBuildPhase section */
		19AB1F7920AA567F00B604CA /* Resources */ = {
			isa = PBXResourcesBuildPhase;
			buildActionMask = 2147483647;
			files = (
				19AB1F8920AA568000B604CA /* LaunchScreen.storyboard in Resources */,
				19AB1F8620AA568000B604CA /* Assets.xcassets in Resources */,
				19AB1F8420AA567F00B604CA /* Main.storyboard in Resources */,
			);
			runOnlyForDeploymentPostprocessing = 0;
		};
		19AB1F8D20AA568000B604CA /* Resources */ = {
			isa = PBXResourcesBuildPhase;
			buildActionMask = 2147483647;
			files = (
			);
			runOnlyForDeploymentPostprocessing = 0;
		};
		19AB1F9820AA568000B604CA /* Resources */ = {
			isa = PBXResourcesBuildPhase;
			buildActionMask = 2147483647;
			files = (
			);
			runOnlyForDeploymentPostprocessing = 0;
		};
/* End PBXResourcesBuildPhase section */

/* Begin PBXSourcesBuildPhase section */
		19AB1F7720AA567F00B604CA /* Sources */ = {
			isa = PBXSourcesBuildPhase;
			buildActionMask = 2147483647;
			files = (
				19AB1F8120AA567F00B604CA /* ViewController.swift in Sources */,
				198CA59320AE1DC200B9DE0C /* AssessmentController.swift in Sources */,
				19AB1F7F20AA567F00B604CA /* AppDelegate.swift in Sources */,
				198CA59520B24C1000B9DE0C /* DecisionController.swift in Sources */,
				198CA59920B24F8900B9DE0C /* PhysicalController.swift in Sources */,
				198CA59720B24DF200B9DE0C /* ExposeController.swift in Sources */,
				198CA58F20AB1EAE00B9DE0C /* Patient.swift in Sources */,
				198CA59120AE1D9A00B9DE0C /* SampleController.swift in Sources */,
				198CA59B20B24FCB00B9DE0C /* VitalController.swift in Sources */,
			);
			runOnlyForDeploymentPostprocessing = 0;
		};
		19AB1F8B20AA568000B604CA /* Sources */ = {
			isa = PBXSourcesBuildPhase;
			buildActionMask = 2147483647;
			files = (
				19AB1F9420AA568000B604CA /* Wild_MedicineTests.swift in Sources */,
			);
			runOnlyForDeploymentPostprocessing = 0;
		};
		19AB1F9620AA568000B604CA /* Sources */ = {
			isa = PBXSourcesBuildPhase;
			buildActionMask = 2147483647;
			files = (
				19AB1F9F20AA568000B604CA /* Wild_MedicineUITests.swift in Sources */,
			);
			runOnlyForDeploymentPostprocessing = 0;
		};
/* End PBXSourcesBuildPhase section */

/* Begin PBXTargetDependency section */
		19AB1F9120AA568000B604CA /* PBXTargetDependency */ = {
			isa = PBXTargetDependency;
			target = 19AB1F7A20AA567F00B604CA /* Wild-Medicine */;
			targetProxy = 19AB1F9020AA568000B604CA /* PBXContainerItemProxy */;
		};
		19AB1F9C20AA568000B604CA /* PBXTargetDependency */ = {
			isa = PBXTargetDependency;
			target = 19AB1F7A20AA567F00B604CA /* Wild-Medicine */;
			targetProxy = 19AB1F9B20AA568000B604CA /* PBXContainerItemProxy */;
		};
/* End PBXTargetDependency section */

/* Begin PBXVariantGroup section */
		19AB1F8220AA567F00B604CA /* Main.storyboard */ = {
			isa = PBXVariantGroup;
			children = (
				19AB1F8320AA567F00B604CA /* Base */,
			);
			name = Main.storyboard;
			sourceTree = "<group>";
		};
		19AB1F8720AA568000B604CA /* LaunchScreen.storyboard */ = {
			isa = PBXVariantGroup;
			children = (
				19AB1F8820AA568000B604CA /* Base */,
			);
			name = LaunchScreen.storyboard;
			sourceTree = "<group>";
		};
/* End PBXVariantGroup section */

/* Begin XCBuildConfiguration section */
		19AB1FA120AA568000B604CA /* Debug */ = {
			isa = XCBuildConfiguration;
			buildSettings = {
				ALWAYS_SEARCH_USER_PATHS = NO;
				CLANG_ANALYZER_NONNULL = YES;
				CLANG_ANALYZER_NUMBER_OBJECT_CONVERSION = YES_AGGRESSIVE;
				CLANG_CXX_LANGUAGE_STANDARD = "gnu++14";
				CLANG_CXX_LIBRARY = "libc++";
				CLANG_ENABLE_MODULES = YES;
				CLANG_ENABLE_OBJC_ARC = YES;
				CLANG_ENABLE_OBJC_WEAK = YES;
				CLANG_WARN_BLOCK_CAPTURE_AUTORELEASING = YES;
				CLANG_WARN_BOOL_CONVERSION = YES;
				CLANG_WARN_COMMA = YES;
				CLANG_WARN_CONSTANT_CONVERSION = YES;
				CLANG_WARN_DEPRECATED_OBJC_IMPLEMENTATIONS = YES;
				CLANG_WARN_DIRECT_OBJC_ISA_USAGE = YES_ERROR;
				CLANG_WARN_DOCUMENTATION_COMMENTS = YES;
				CLANG_WARN_EMPTY_BODY = YES;
				CLANG_WARN_ENUM_CONVERSION = YES;
				CLANG_WARN_INFINITE_RECURSION = YES;
				CLANG_WARN_INT_CONVERSION = YES;
				CLANG_WARN_NON_LITERAL_NULL_CONVERSION = YES;
				CLANG_WARN_OBJC_IMPLICIT_RETAIN_SELF = YES;
				CLANG_WARN_OBJC_LITERAL_CONVERSION = YES;
				CLANG_WARN_OBJC_ROOT_CLASS = YES_ERROR;
				CLANG_WARN_RANGE_LOOP_ANALYSIS = YES;
				CLANG_WARN_STRICT_PROTOTYPES = YES;
				CLANG_WARN_SUSPICIOUS_MOVE = YES;
				CLANG_WARN_UNGUARDED_AVAILABILITY = YES_AGGRESSIVE;
				CLANG_WARN_UNREACHABLE_CODE = YES;
				CLANG_WARN__DUPLICATE_METHOD_MATCH = YES;
				CODE_SIGN_IDENTITY = "iPhone Developer";
				COPY_PHASE_STRIP = NO;
				DEBUG_INFORMATION_FORMAT = dwarf;
				ENABLE_STRICT_OBJC_MSGSEND = YES;
				ENABLE_TESTABILITY = YES;
				GCC_C_LANGUAGE_STANDARD = gnu11;
				GCC_DYNAMIC_NO_PIC = NO;
				GCC_NO_COMMON_BLOCKS = YES;
				GCC_OPTIMIZATION_LEVEL = 0;
				GCC_PREPROCESSOR_DEFINITIONS = (
					"DEBUG=1",
					"$(inherited)",
				);
				GCC_WARN_64_TO_32_BIT_CONVERSION = YES;
				GCC_WARN_ABOUT_RETURN_TYPE = YES_ERROR;
				GCC_WARN_UNDECLARED_SELECTOR = YES;
				GCC_WARN_UNINITIALIZED_AUTOS = YES_AGGRESSIVE;
				GCC_WARN_UNUSED_FUNCTION = YES;
				GCC_WARN_UNUSED_VARIABLE = YES;
				IPHONEOS_DEPLOYMENT_TARGET = 11.3;
				MTL_ENABLE_DEBUG_INFO = YES;
				ONLY_ACTIVE_ARCH = YES;
				SDKROOT = iphoneos;
				SWIFT_ACTIVE_COMPILATION_CONDITIONS = DEBUG;
				SWIFT_OPTIMIZATION_LEVEL = "-Onone";
			};
			name = Debug;
		};
		19AB1FA220AA568000B604CA /* Release */ = {
			isa = XCBuildConfiguration;
			buildSettings = {
				ALWAYS_SEARCH_USER_PATHS = NO;
				CLANG_ANALYZER_NONNULL = YES;
				CLANG_ANALYZER_NUMBER_OBJECT_CONVERSION = YES_AGGRESSIVE;
				CLANG_CXX_LANGUAGE_STANDARD = "gnu++14";
				CLANG_CXX_LIBRARY = "libc++";
				CLANG_ENABLE_MODULES = YES;
				CLANG_ENABLE_OBJC_ARC = YES;
				CLANG_ENABLE_OBJC_WEAK = YES;
				CLANG_WARN_BLOCK_CAPTURE_AUTORELEASING = YES;
				CLANG_WARN_BOOL_CONVERSION = YES;
				CLANG_WARN_COMMA = YES;
				CLANG_WARN_CONSTANT_CONVERSION = YES;
				CLANG_WARN_DEPRECATED_OBJC_IMPLEMENTATIONS = YES;
				CLANG_WARN_DIRECT_OBJC_ISA_USAGE = YES_ERROR;
				CLANG_WARN_DOCUMENTATION_COMMENTS = YES;
				CLANG_WARN_EMPTY_BODY = YES;
				CLANG_WARN_ENUM_CONVERSION = YES;
				CLANG_WARN_INFINITE_RECURSION = YES;
				CLANG_WARN_INT_CONVERSION = YES;
				CLANG_WARN_NON_LITERAL_NULL_CONVERSION = YES;
				CLANG_WARN_OBJC_IMPLICIT_RETAIN_SELF = YES;
				CLANG_WARN_OBJC_LITERAL_CONVERSION = YES;
				CLANG_WARN_OBJC_ROOT_CLASS = YES_ERROR;
				CLANG_WARN_RANGE_LOOP_ANALYSIS = YES;
				CLANG_WARN_STRICT_PROTOTYPES = YES;
				CLANG_WARN_SUSPICIOUS_MOVE = YES;
				CLANG_WARN_UNGUARDED_AVAILABILITY = YES_AGGRESSIVE;
				CLANG_WARN_UNREACHABLE_CODE = YES;
				CLANG_WARN__DUPLICATE_METHOD_MATCH = YES;
				CODE_SIGN_IDENTITY = "iPhone Developer";
				COPY_PHASE_STRIP = NO;
				DEBUG_INFORMATION_FORMAT = "dwarf-with-dsym";
				ENABLE_NS_ASSERTIONS = NO;
				ENABLE_STRICT_OBJC_MSGSEND = YES;
				GCC_C_LANGUAGE_STANDARD = gnu11;
				GCC_NO_COMMON_BLOCKS = YES;
				GCC_WARN_64_TO_32_BIT_CONVERSION = YES;
				GCC_WARN_ABOUT_RETURN_TYPE = YES_ERROR;
				GCC_WARN_UNDECLARED_SELECTOR = YES;
				GCC_WARN_UNINITIALIZED_AUTOS = YES_AGGRESSIVE;
				GCC_WARN_UNUSED_FUNCTION = YES;
				GCC_WARN_UNUSED_VARIABLE = YES;
				IPHONEOS_DEPLOYMENT_TARGET = 11.3;
				MTL_ENABLE_DEBUG_INFO = NO;
				SDKROOT = iphoneos;
				SWIFT_COMPILATION_MODE = wholemodule;
				SWIFT_OPTIMIZATION_LEVEL = "-O";
				VALIDATE_PRODUCT = YES;
			};
			name = Release;
		};
		19AB1FA420AA568000B604CA /* Debug */ = {
			isa = XCBuildConfiguration;
			buildSettings = {
				ASSETCATALOG_COMPILER_APPICON_NAME = AppIcon;
				CODE_SIGN_STYLE = Automatic;
				DEVELOPMENT_TEAM = UW2P3AS97N;
				INFOPLIST_FILE = "Wild-Medicine/Info.plist";
				LD_RUNPATH_SEARCH_PATHS = (
					"$(inherited)",
					"@executable_path/Frameworks",
				);
				PRODUCT_BUNDLE_IDENTIFIER = "bermane.Wild-Medicine";
				PRODUCT_NAME = "$(TARGET_NAME)";
				SWIFT_VERSION = 4.0;
				TARGETED_DEVICE_FAMILY = "1,2";
			};
			name = Debug;
		};
		19AB1FA520AA568000B604CA /* Release */ = {
			isa = XCBuildConfiguration;
			buildSettings = {
				ASSETCATALOG_COMPILER_APPICON_NAME = AppIcon;
				CODE_SIGN_STYLE = Automatic;
				DEVELOPMENT_TEAM = UW2P3AS97N;
				INFOPLIST_FILE = "Wild-Medicine/Info.plist";
				LD_RUNPATH_SEARCH_PATHS = (
					"$(inherited)",
					"@executable_path/Frameworks",
				);
				PRODUCT_BUNDLE_IDENTIFIER = "bermane.Wild-Medicine";
				PRODUCT_NAME = "$(TARGET_NAME)";
				SWIFT_VERSION = 4.0;
				TARGETED_DEVICE_FAMILY = "1,2";
			};
			name = Release;
		};
		19AB1FA720AA568000B604CA /* Debug */ = {
			isa = XCBuildConfiguration;
			buildSettings = {
				ALWAYS_EMBED_SWIFT_STANDARD_LIBRARIES = YES;
				BUNDLE_LOADER = "$(TEST_HOST)";
				CODE_SIGN_STYLE = Automatic;
				INFOPLIST_FILE = "Wild-MedicineTests/Info.plist";
				LD_RUNPATH_SEARCH_PATHS = (
					"$(inherited)",
					"@executable_path/Frameworks",
					"@loader_path/Frameworks",
				);
				PRODUCT_BUNDLE_IDENTIFIER = "bermane.Wild-MedicineTests";
				PRODUCT_NAME = "$(TARGET_NAME)";
				SWIFT_VERSION = 4.0;
				TARGETED_DEVICE_FAMILY = "1,2";
				TEST_HOST = "$(BUILT_PRODUCTS_DIR)/Wild-Medicine.app/Wild-Medicine";
			};
			name = Debug;
		};
		19AB1FA820AA568000B604CA /* Release */ = {
			isa = XCBuildConfiguration;
			buildSettings = {
				ALWAYS_EMBED_SWIFT_STANDARD_LIBRARIES = YES;
				BUNDLE_LOADER = "$(TEST_HOST)";
				CODE_SIGN_STYLE = Automatic;
				INFOPLIST_FILE = "Wild-MedicineTests/Info.plist";
				LD_RUNPATH_SEARCH_PATHS = (
					"$(inherited)",
					"@executable_path/Frameworks",
					"@loader_path/Frameworks",
				);
				PRODUCT_BUNDLE_IDENTIFIER = "bermane.Wild-MedicineTests";
				PRODUCT_NAME = "$(TARGET_NAME)";
				SWIFT_VERSION = 4.0;
				TARGETED_DEVICE_FAMILY = "1,2";
				TEST_HOST = "$(BUILT_PRODUCTS_DIR)/Wild-Medicine.app/Wild-Medicine";
			};
			name = Release;
		};
		19AB1FAA20AA568000B604CA /* Debug */ = {
			isa = XCBuildConfiguration;
			buildSettings = {
				ALWAYS_EMBED_SWIFT_STANDARD_LIBRARIES = YES;
				CODE_SIGN_STYLE = Automatic;
				INFOPLIST_FILE = "Wild-MedicineUITests/Info.plist";
				LD_RUNPATH_SEARCH_PATHS = (
					"$(inherited)",
					"@executable_path/Frameworks",
					"@loader_path/Frameworks",
				);
				PRODUCT_BUNDLE_IDENTIFIER = "bermane.Wild-MedicineUITests";
				PRODUCT_NAME = "$(TARGET_NAME)";
				SWIFT_VERSION = 4.0;
				TARGETED_DEVICE_FAMILY = "1,2";
				TEST_TARGET_NAME = "Wild-Medicine";
			};
			name = Debug;
		};
		19AB1FAB20AA568000B604CA /* Release */ = {
			isa = XCBuildConfiguration;
			buildSettings = {
				ALWAYS_EMBED_SWIFT_STANDARD_LIBRARIES = YES;
				CODE_SIGN_STYLE = Automatic;
				INFOPLIST_FILE = "Wild-MedicineUITests/Info.plist";
				LD_RUNPATH_SEARCH_PATHS = (
					"$(inherited)",
					"@executable_path/Frameworks",
					"@loader_path/Frameworks",
				);
				PRODUCT_BUNDLE_IDENTIFIER = "bermane.Wild-MedicineUITests";
				PRODUCT_NAME = "$(TARGET_NAME)";
				SWIFT_VERSION = 4.0;
				TARGETED_DEVICE_FAMILY = "1,2";
				TEST_TARGET_NAME = "Wild-Medicine";
			};
			name = Release;
		};
/* End XCBuildConfiguration section */

/* Begin XCConfigurationList section */
		19AB1F7620AA567F00B604CA /* Build configuration list for PBXProject "Wild-Medicine" */ = {
			isa = XCConfigurationList;
			buildConfigurations = (
				19AB1FA120AA568000B604CA /* Debug */,
				19AB1FA220AA568000B604CA /* Release */,
			);
			defaultConfigurationIsVisible = 0;
			defaultConfigurationName = Release;
		};
		19AB1FA320AA568000B604CA /* Build configuration list for PBXNativeTarget "Wild-Medicine" */ = {
			isa = XCConfigurationList;
			buildConfigurations = (
				19AB1FA420AA568000B604CA /* Debug */,
				19AB1FA520AA568000B604CA /* Release */,
			);
			defaultConfigurationIsVisible = 0;
			defaultConfigurationName = Release;
		};
		19AB1FA620AA568000B604CA /* Build configuration list for PBXNativeTarget "Wild-MedicineTests" */ = {
			isa = XCConfigurationList;
			buildConfigurations = (
				19AB1FA720AA568000B604CA /* Debug */,
				19AB1FA820AA568000B604CA /* Release */,
			);
			defaultConfigurationIsVisible = 0;
			defaultConfigurationName = Release;
		};
		19AB1FA920AA568000B604CA /* Build configuration list for PBXNativeTarget "Wild-MedicineUITests" */ = {
			isa = XCConfigurationList;
			buildConfigurations = (
				19AB1FAA20AA568000B604CA /* Debug */,
				19AB1FAB20AA568000B604CA /* Release */,
			);
			defaultConfigurationIsVisible = 0;
			defaultConfigurationName = Release;
		};
/* End XCConfigurationList section */
	};
	rootObject = 19AB1F7320AA567F00B604CA /* Project object */;
}
